
Microsoft Visual Studio Solution File, Format Version 9.00
# Visual Studio 2005
Project("{FAE04EC0-301F-11D3-BF4B-00C04F79EFBC}") = "MemoryHog", "MemoryHog.csproj", "{B6F4E679-6E0C-4CC7-A6AF-545E71E14868}"
EndProject
Global
	GlobalSection(SolutionConfigurationPlatforms) = preSolution
		Debug|Any CPU = Debug|Any CPU
		Release|Any CPU = Release|Any CPU
	EndGlobalSection
	GlobalSection(ProjectConfigurationPlatforms) = postSolution
		{B6F4E679-6E0C-4CC7-A6AF-545E71E14868}.Debug|Any CPU.ActiveCfg = Debug|Any CPU
		{B6F4E679-6E0C-4CC7-A6AF-545E71E14868}.Debug|Any CPU.Build.0 = Debug|Any CPU
		{B6F4E679-6E0C-4CC7-A6AF-545E71E14868}.Release|Any CPU.ActiveCfg = Release|Any CPU
		{B6F4E679-6E0C-4CC7-A6AF-545E71E14868}.Release|Any CPU.Build.0 = Release|Any CPU
	EndGlobalSection
	GlobalSection(SolutionProperties) = preSolution
		HideSolutionNode = FALSE
	EndGlobalSection
EndGlobal
